
Microsoft Visual Studio Solution File, Format Version 12.00
# Visual Studio Version 16
VisualStudioVersion = 16.0.31019.35
MinimumVisualStudioVersion = 10.0.40219.1
Project("{FAE04EC0-301F-11D3-BF4B-00C04F79EFBC}") = "Lessons", "Lessons\Lessons.csproj", "{46935F74-F47F-4419-ACE4-D28E7D47CCD9}"
EndProject
Global
	GlobalSection(SolutionConfigurationPlatforms) = preSolution
		Debug|Any CPU = Debug|Any CPU
		Release|Any CPU = Release|Any CPU
	EndGlobalSection
	GlobalSection(ProjectConfigurationPlatforms) = postSolution
		{46935F74-F47F-4419-ACE4-D28E7D47CCD9}.Debug|Any CPU.ActiveCfg = Debug|Any CPU
		{46935F74-F47F-4419-ACE4-D28E7D47CCD9}.Debug|Any CPU.Build.0 = Debug|Any CPU
		{46935F74-F47F-4419-ACE4-D28E7D47CCD9}.Release|Any CPU.ActiveCfg = Release|Any CPU
		{46935F74-F47F-4419-ACE4-D28E7D47CCD9}.Release|Any CPU.Build.0 = Release|Any CPU
	EndGlobalSection
	GlobalSection(SolutionProperties) = preSolution
		HideSolutionNode = FALSE
	EndGlobalSection
	GlobalSection(ExtensibilityGlobals) = postSolution
		SolutionGuid = {4FD467AB-D0B7-4BA7-9392-FD3322EBF2C5}
	EndGlobalSection
EndGlobal
